// !$*UTF8*$!
{
	archiveVersion = 1;
	classes = {
	};
	objectVersion = 46;
	objects = {

/* Begin PBXBuildFile section */
		13E750E61ECF9B9D0080801C /* AppDelegate.swift in Sources */ = {isa = PBXBuildFile; fileRef = 13E750E51ECF9B9D0080801C /* AppDelegate.swift */; };
		13E750E81ECF9B9D0080801C /* ViewController.swift in Sources */ = {isa = PBXBuildFile; fileRef = 13E750E71ECF9B9D0080801C /* ViewController.swift */; };
		13E750EB1ECF9B9D0080801C /* Main.storyboard in Resources */ = {isa = PBXBuildFile; fileRef = 13E750E91ECF9B9D0080801C /* Main.storyboard */; };
		13E750ED1ECF9B9D0080801C /* Assets.xcassets in Resources */ = {isa = PBXBuildFile; fileRef = 13E750EC1ECF9B9D0080801C /* Assets.xcassets */; };
		13E750F01ECF9B9D0080801C /* LaunchScreen.storyboard in Resources */ = {isa = PBXBuildFile; fileRef = 13E750EE1ECF9B9D0080801C /* LaunchScreen.storyboard */; };
/* End PBXBuildFile section */

/* Begin PBXFileReference section */
		13E750E21ECF9B9D0080801C /* MeDub.app */ = {isa = PBXFileReference; explicitFileType = wrapper.application; includeInIndex = 0; path = MeDub.app; sourceTree = BUILT_PRODUCTS_DIR; };
		13E750E51ECF9B9D0080801C /* AppDelegate.swift */ = {isa = PBXFileReference; lastKnownFileType = sourcecode.swift; path = AppDelegate.swift; sourceTree = "<group>"; };
		13E750E71ECF9B9D0080801C /* ViewController.swift */ = {isa = PBXFileReference; lastKnownFileType = sourcecode.swift; path = ViewController.swift; sourceTree = "<group>"; };
		13E750EA1ECF9B9D0080801C /* Base */ = {isa = PBXFileReference; lastKnownFileType = file.storyboard; name = Base; path = Base.lproj/Main.storyboard; sourceTree = "<group>"; };
		13E750EC1ECF9B9D0080801C /* Assets.xcassets */ = {isa = PBXFileReference; lastKnownFileType = folder.assetcatalog; path = Assets.xcassets; sourceTree = "<group>"; };
		13E750EF1ECF9B9D0080801C /* Base */ = {isa = PBXFileReference; lastKnownFileType = file.storyboard; name = Base; path = Base.lproj/LaunchScreen.storyboard; sourceTree = "<group>"; };
		13E750F11ECF9B9D0080801C /* Info.plist */ = {isa = PBXFileReference; lastKnownFileType = text.plist.xml; path = Info.plist; sourceTree = "<group>"; };
/* End PBXFileReference section */

/* Begin PBXFrameworksBuildPhase section */
		13E750DF1ECF9B9D0080801C /* Frameworks */ = {
			isa = PBXFrameworksBuildPhase;
			buildActionMask = 2147483647;
			files = (
			);
			runOnlyForDeploymentPostprocessing = 0;
		};
/* End PBXFrameworksBuildPhase section */

/* Begin PBXGroup section */
		13E750D91ECF9B9D0080801C = {
			isa = PBXGroup;
			children = (
				13E750E41ECF9B9D0080801C /* MeDub */,
				13E750E31ECF9B9D0080801C /* Products */,
			);
			sourceTree = "<group>";
		};
		13E750E31ECF9B9D0080801C /* Products */ = {
			isa = PBXGroup;
			children = (
				13E750E21ECF9B9D0080801C /* MeDub.app */,
			);
			name = Products;
			sourceTree = "<group>";
		};
		13E750E41ECF9B9D0080801C /* MeDub */ = {
			isa = PBXGroup;
			children = (
				13E750E51ECF9B9D0080801C /* AppDelegate.swift */,
				13E750E71ECF9B9D0080801C /* ViewController.swift */,
				13E750E91ECF9B9D0080801C /* Main.storyboard */,
				13E750EC1ECF9B9D0080801C /* Assets.xcassets */,
				13E750EE1ECF9B9D0080801C /* LaunchScreen.storyboard */,
				13E750F11ECF9B9D0080801C /* Info.plist */,
			);
			path = MeDub;
			sourceTree = "<group>";
		};
/* End PBXGroup section */

/* Begin PBXNativeTarget section */
		13E750E11ECF9B9D0080801C /* MeDub */ = {
			isa = PBXNativeTarget;
			buildConfigurationList = 13E750F41ECF9B9D0080801C /* Build configuration list for PBXNativeTarget "MeDub" */;
			buildPhases = (
				13E750DE1ECF9B9D0080801C /* Sources */,
				13E750DF1ECF9B9D0080801C /* Frameworks */,
				13E750E01ECF9B9D0080801C /* Resources */,
			);
			buildRules = (
			);
			dependencies = (
			);
			name = MeDub;
			productName = MeDub;
			productReference = 13E750E21ECF9B9D0080801C /* MeDub.app */;
			productType = "com.apple.product-type.application";
		};
/* End PBXNativeTarget section */

/* Begin PBXProject section */
		13E750DA1ECF9B9D0080801C /* Project object */ = {
			isa = PBXProject;
			attributes = {
				LastSwiftUpdateCheck = 0830;
				LastUpgradeCheck = 0830;
				ORGANIZATIONNAME = self.edu;
				TargetAttributes = {
					13E750E11ECF9B9D0080801C = {
						CreatedOnToolsVersion = 8.3.2;
						DevelopmentTeam = RY4LKVN272;
						ProvisioningStyle = Automatic;
					};
				};
			};
			buildConfigurationList = 13E750DD1ECF9B9D0080801C /* Build configuration list for PBXProject "MeDub" */;
			compatibilityVersion = "Xcode 3.2";
			developmentRegion = English;
			hasScannedForEncodings = 0;
			knownRegions = (
				en,
				Base,
			);
			mainGroup = 13E750D91ECF9B9D0080801C;
			productRefGroup = 13E750E31ECF9B9D0080801C /* Products */;
			projectDirPath = "";
			projectRoot = "";
			targets = (
				13E750E11ECF9B9D0080801C /* MeDub */,
			);
		};
/* End PBXProject section */

/* Begin PBXResourcesBuildPhase section */
		13E750E01ECF9B9D0080801C /* Resources */ = {
			isa = PBXResourcesBuildPhase;
			buildActionMask = 2147483647;
			files = (
				13E750F01ECF9B9D0080801C /* LaunchScreen.storyboard in Resources */,
				13E750ED1ECF9B9D0080801C /* Assets.xcassets in Resources */,
				13E750EB1ECF9B9D0080801C /* Main.storyboard in Resources */,
			);
			runOnlyForDeploymentPostprocessing = 0;
		};
/* End PBXResourcesBuildPhase section */

/* Begin PBXSourcesBuildPhase section */
		13E750DE1ECF9B9D0080801C /* Sources */ = {
			isa = PBXSourcesBuildPhase;
			buildActionMask = 2147483647;
			files = (
				13E750E81ECF9B9D0080801C /* ViewController.swift in Sources */,
				13E750E61ECF9B9D0080801C /* AppDelegate.swift in Sources */,
			);
			runOnlyForDeploymentPostprocessing = 0;
		};
/* End PBXSourcesBuildPhase section */

/* Begin PBXVariantGroup section */
		13E750E91ECF9B9D0080801C /* Main.storyboard */ = {
			isa = PBXVariantGroup;
			children = (
				13E750EA1ECF9B9D0080801C /* Base */,
			);
			name = Main.storyboard;
			sourceTree = "<group>";
		};
		13E750EE1ECF9B9D0080801C /* LaunchScreen.storyboard */ = {
			isa = PBXVariantGroup;
			children = (
				13E750EF1ECF9B9D0080801C /* Base */,
			);
			name = LaunchScreen.storyboard;
			sourceTree = "<group>";
		};
/* End PBXVariantGroup section */

/* Begin XCBuildConfiguration section */
		13E750F21ECF9B9D0080801C /* Debug */ = {
			isa = XCBuildConfiguration;
			buildSettings = {
				ALWAYS_SEARCH_USER_PATHS = NO;
				CLANG_ANALYZER_NONNULL = YES;
				CLANG_ANALYZER_NUMBER_OBJECT_CONVERSION = YES_AGGRESSIVE;
				CLANG_CXX_LANGUAGE_STANDARD = "gnu++0x";
				CLANG_CXX_LIBRARY = "libc++";
				CLANG_ENABLE_MODULES = YES;
				CLANG_ENABLE_OBJC_ARC = YES;
				CLANG_WARN_BOOL_CONVERSION = YES;
				CLANG_WARN_CONSTANT_CONVERSION = YES;
				CLANG_WARN_DIRECT_OBJC_ISA_USAGE = YES_ERROR;
				CLANG_WARN_DOCUMENTATION_COMMENTS = YES;
				CLANG_WARN_EMPTY_BODY = YES;
				CLANG_WARN_ENUM_CONVERSION = YES;
				CLANG_WARN_INFINITE_RECURSION = YES;
				CLANG_WARN_INT_CONVERSION = YES;
				CLANG_WARN_OBJC_ROOT_CLASS = YES_ERROR;
				CLANG_WARN_SUSPICIOUS_MOVE = YES;
				CLANG_WARN_UNREACHABLE_CODE = YES;
				CLANG_WARN__DUPLICATE_METHOD_MATCH = YES;
				"CODE_SIGN_IDENTITY[sdk=iphoneos*]" = "iPhone Developer";
				COPY_PHASE_STRIP = NO;
				DEBUG_INFORMATION_FORMAT = dwarf;
				ENABLE_STRICT_OBJC_MSGSEND = YES;
				ENABLE_TESTABILITY = YES;
				GCC_C_LANGUAGE_STANDARD = gnu99;
				GCC_DYNAMIC_NO_PIC = NO;
				GCC_NO_COMMON_BLOCKS = YES;
				GCC_OPTIMIZATION_LEVEL = 0;
				GCC_PREPROCESSOR_DEFINITIONS = (
					"DEBUG=1",
					"$(inherited)",
				);
				GCC_WARN_64_TO_32_BIT_CONVERSION = YES;
				GCC_WARN_ABOUT_RETURN_TYPE = YES_ERROR;
				GCC_WARN_UNDECLARED_SELECTOR = YES;
				GCC_WARN_UNINITIALIZED_AUTOS = YES_AGGRESSIVE;
				GCC_WARN_UNUSED_FUNCTION = YES;
				GCC_WARN_UNUSED_VARIABLE = YES;
				IPHONEOS_DEPLOYMENT_TARGET = 10.3;
				MTL_ENABLE_DEBUG_INFO = YES;
				ONLY_ACTIVE_ARCH = YES;
				SDKROOT = iphoneos;
				SWIFT_ACTIVE_COMPILATION_CONDITIONS = DEBUG;
				SWIFT_OPTIMIZATION_LEVEL = "-Onone";
			};
			name = Debug;
		};
		13E750F31ECF9B9D0080801C /* Release */ = {
			isa = XCBuildConfiguration;
			buildSettings = {
				ALWAYS_SEARCH_USER_PATHS = NO;
				CLANG_ANALYZER_NONNULL = YES;
				CLANG_ANALYZER_NUMBER_OBJECT_CONVERSION = YES_AGGRESSIVE;
				CLANG_CXX_LANGUAGE_STANDARD = "gnu++0x";
				CLANG_CXX_LIBRARY = "libc++";
				CLANG_ENABLE_MODULES = YES;
				CLANG_ENABLE_OBJC_ARC = YES;
				CLANG_WARN_BOOL_CONVERSION = YES;
				CLANG_WARN_CONSTANT_CONVERSION = YES;
				CLANG_WARN_DIRECT_OBJC_ISA_USAGE = YES_ERROR;
				CLANG_WARN_DOCUMENTATION_COMMENTS = YES;
				CLANG_WARN_EMPTY_BODY = YES;
				CLANG_WARN_ENUM_CONVERSION = YES;
				CLANG_WARN_INFINITE_RECURSION = YES;
				CLANG_WARN_INT_CONVERSION = YES;
				CLANG_WARN_OBJC_ROOT_CLASS = YES_ERROR;
				CLANG_WARN_SUSPICIOUS_MOVE = YES;
				CLANG_WARN_UNREACHABLE_CODE = YES;
				CLANG_WARN__DUPLICATE_METHOD_MATCH = YES;
				"CODE_SIGN_IDENTITY[sdk=iphoneos*]" = "iPhone Developer";
				COPY_PHASE_STRIP = NO;
				DEBUG_INFORMATION_FORMAT = "dwarf-with-dsym";
				ENABLE_NS_ASSERTIONS = NO;
				ENABLE_STRICT_OBJC_MSGSEND = YES;
				GCC_C_LANGUAGE_STANDARD = gnu99;
				GCC_NO_COMMON_BLOCKS = YES;
				GCC_WARN_64_TO_32_BIT_CONVERSION = YES;
				GCC_WARN_ABOUT_RETURN_TYPE = YES_ERROR;
				GCC_WARN_UNDECLARED_SELECTOR = YES;
				GCC_WARN_UNINITIALIZED_AUTOS = YES_AGGRESSIVE;
				GCC_WARN_UNUSED_FUNCTION = YES;
				GCC_WARN_UNUSED_VARIABLE = YES;
				IPHONEOS_DEPLOYMENT_TARGET = 10.3;
				MTL_ENABLE_DEBUG_INFO = NO;
				SDKROOT = iphoneos;
				SWIFT_OPTIMIZATION_LEVEL = "-Owholemodule";
				VALIDATE_PRODUCT = YES;
			};
			name = Release;
		};
		13E750F51ECF9B9D0080801C /* Debug */ = {
			isa = XCBuildConfiguration;
			buildSettings = {
				ASSETCATALOG_COMPILER_APPICON_NAME = AppIcon;
				DEVELOPMENT_TEAM = RY4LKVN272;
				INFOPLIST_FILE = MeDub/Info.plist;
				LD_RUNPATH_SEARCH_PATHS = "$(inherited) @executable_path/Frameworks";
				PRODUCT_BUNDLE_IDENTIFIER = self.edu.MeDub;
				PRODUCT_NAME = "$(TARGET_NAME)";
				SWIFT_VERSION = 3.0;
			};
			name = Debug;
		};
		13E750F61ECF9B9D0080801C /* Release */ = {
			isa = XCBuildConfiguration;
			buildSettings = {
				ASSETCATALOG_COMPILER_APPICON_NAME = AppIcon;
				DEVELOPMENT_TEAM = RY4LKVN272;
				INFOPLIST_FILE = MeDub/Info.plist;
				LD_RUNPATH_SEARCH_PATHS = "$(inherited) @executable_path/Frameworks";
				PRODUCT_BUNDLE_IDENTIFIER = self.edu.MeDub;
				PRODUCT_NAME = "$(TARGET_NAME)";
				SWIFT_VERSION = 3.0;
			};
			name = Release;
		};
/* End XCBuildConfiguration section */

/* Begin XCConfigurationList section */
		13E750DD1ECF9B9D0080801C /* Build configuration list for PBXProject "MeDub" */ = {
			isa = XCConfigurationList;
			buildConfigurations = (
				13E750F21ECF9B9D0080801C /* Debug */,
				13E750F31ECF9B9D0080801C /* Release */,
			);
			defaultConfigurationIsVisible = 0;
			defaultConfigurationName = Release;
		};
		13E750F41ECF9B9D0080801C /* Build configuration list for PBXNativeTarget "MeDub" */ = {
			isa = XCConfigurationList;
			buildConfigurations = (
				13E750F51ECF9B9D0080801C /* Debug */,
				13E750F61ECF9B9D0080801C /* Release */,
			);
			defaultConfigurationIsVisible = 0;
		};
/* End XCConfigurationList section */
	};
	rootObject = 13E750DA1ECF9B9D0080801C /* Project object */;
}
